
Microsoft Visual Studio Solution File, Format Version 12.00
# Visual Studio 15
Project("{FAE04EC0-301F-11D3-BF4B-00C04F79EFBC}") = "Assembly-CSharp", "Assembly-CSharp.csproj", "{F49FE887-CD48-54F0-AE5C-35BCF6CBD5B0}"
EndProject
Project("{FAE04EC0-301F-11D3-BF4B-00C04F79EFBC}") = "Assembly-CSharp-Editor", "Assembly-CSharp-Editor.csproj", "{146F91A5-65A1-DAAB-256D-ABB212F15851}"
EndProject
Global
	GlobalSection(SolutionConfigurationPlatforms) = preSolution
		Debug|Any CPU = Debug|Any CPU
		Release|Any CPU = Release|Any CPU
	EndGlobalSection
	GlobalSection(ProjectConfigurationPlatforms) = postSolution
		{F49FE887-CD48-54F0-AE5C-35BCF6CBD5B0}.Debug|Any CPU.ActiveCfg = Debug|Any CPU
		{F49FE887-CD48-54F0-AE5C-35BCF6CBD5B0}.Debug|Any CPU.Build.0 = Debug|Any CPU
		{F49FE887-CD48-54F0-AE5C-35BCF6CBD5B0}.Release|Any CPU.ActiveCfg = Release|Any CPU
		{F49FE887-CD48-54F0-AE5C-35BCF6CBD5B0}.Release|Any CPU.Build.0 = Release|Any CPU
		{146F91A5-65A1-DAAB-256D-ABB212F15851}.Debug|Any CPU.ActiveCfg = Debug|Any CPU
		{146F91A5-65A1-DAAB-256D-ABB212F15851}.Debug|Any CPU.Build.0 = Debug|Any CPU
		{146F91A5-65A1-DAAB-256D-ABB212F15851}.Release|Any CPU.ActiveCfg = Release|Any CPU
		{146F91A5-65A1-DAAB-256D-ABB212F15851}.Release|Any CPU.Build.0 = Release|Any CPU
	EndGlobalSection
	GlobalSection(SolutionProperties) = preSolution
		HideSolutionNode = FALSE
	EndGlobalSection
EndGlobal
